PODS:
  - CocoaLumberjack/Default (3.1.0)
  - CocoaLumberjack/Swift (3.1.0):
    - CocoaLumberjack/Default
  - Logsene (1.0.1):
    - SQLite.swift (~> 0.11.2)
  - Nimble (6.0.1)
  - Quick (1.1.0)
  - SQLite.swift (0.11.2):
    - SQLite.swift/standard (= 0.11.2)
  - SQLite.swift/standard (0.11.2)

DEPENDENCIES:
  - CocoaLumberjack/Swift
  - Logsene (from `../`)
  - Nimble
  - Quick

EXTERNAL SOURCES:
  Logsene:
    :path: "../"

SPEC CHECKSUMS:
  CocoaLumberjack: 8311463ddf9ee86a06ef92a071dd656c89244500
  Logsene: f4af91141f4cf697ba868ff7221517899207dd96
  Nimble: 1527fd1bd2b4cf0636251a36bc8ab37e81da8347
  Quick: dafc587e21eed9f4cab3249b9f9015b0b7a7f71d
  SQLite.swift: 670c3e9e0a806bbfd56a3de5d530768dc0e6fe7c

PODFILE CHECKSUM: adf8fcabedaa1d830ef7e69ac6d3da18cf6d2c37

COCOAPODS: 1.2.0
