PODS:
  - CocoaLumberjack/Core (3.6.1)
  - CocoaLumberjack/Swift (3.6.1):
    - CocoaLumberjack/Core
  - Logsene (1.6.0)
  - Nimble (9.0.0)
  - Quick (3.0.0)

DEPENDENCIES:
  - CocoaLumberjack/Swift
  - Logsene (from `../`)
  - Nimble (~> 9.0)
  - Quick (~> 3.0)

SPEC REPOS:
  https://github.com/CocoaPods/Specs.git:
    - CocoaLumberjack
  trunk:
    - Nimble
    - Quick

EXTERNAL SOURCES:
  Logsene:
    :path: "../"
    :swift_version: '4.0'

SPEC CHECKSUMS:
  CocoaLumberjack: b17ae15142558d08bbacf69775fa10c4abbebcc9
  Logsene: e537b4158aff29cabd9be050aabda5d7d35f0cc1
  Nimble: 3b4ec3fd40f1dc178058e0981107721c615643d8
  Quick: 6d9559f40647bc4d510103842ef2fdd882d753e2

PODFILE CHECKSUM: 24ea5f0942d1fdc3553f9c0e04fa216ae7938808

COCOAPODS: 1.9.3
