PODS:
  - CocoaLumberjack/Core (3.6.1)
  - CocoaLumberjack/Swift (3.6.1):
    - CocoaLumberjack/Core
  - Logsene (1.7.0)

DEPENDENCIES:
  - CocoaLumberjack/Swift
  - Logsene (from `../`)

SPEC REPOS:
  https://github.com/CocoaPods/Specs.git:
    - CocoaLumberjack

EXTERNAL SOURCES:
  Logsene:
    :path: "../"
    :swift_version: '4.0'

SPEC CHECKSUMS:
  CocoaLumberjack: b17ae15142558d08bbacf69775fa10c4abbebcc9
  Logsene: 8bb1f95d4ee6bce94e4454bb1c62dbabccd6f856

PODFILE CHECKSUM: 6216c40be1df587984d8c9469884a257bbac56af

COCOAPODS: 1.10.0
